
Microsoft Visual Studio Solution File, Format Version 12.00
# Visual Studio Version 17
VisualStudioVersion = 17.1.32210.238
MinimumVisualStudioVersion = 10.0.40219.1
Project("{FAE04EC0-301F-11D3-BF4B-00C04F79EFBC}") = "Calculadora", "Calculadora\Calculadora.csproj", "{CBB88C66-3725-4711-8B24-B4A770723ACF}"
EndProject
Global
	GlobalSection(SolutionConfigurationPlatforms) = preSolution
		Debug|Any CPU = Debug|Any CPU
		Release|Any CPU = Release|Any CPU
	EndGlobalSection
	GlobalSection(ProjectConfigurationPlatforms) = postSolution
		{CBB88C66-3725-4711-8B24-B4A770723ACF}.Debug|Any CPU.ActiveCfg = Debug|Any CPU
		{CBB88C66-3725-4711-8B24-B4A770723ACF}.Debug|Any CPU.Build.0 = Debug|Any CPU
		{CBB88C66-3725-4711-8B24-B4A770723ACF}.Release|Any CPU.ActiveCfg = Release|Any CPU
		{CBB88C66-3725-4711-8B24-B4A770723ACF}.Release|Any CPU.Build.0 = Release|Any CPU
	EndGlobalSection
	GlobalSection(SolutionProperties) = preSolution
		HideSolutionNode = FALSE
	EndGlobalSection
	GlobalSection(ExtensibilityGlobals) = postSolution
		SolutionGuid = {4E3A24E2-2CCA-4A35-948C-CF373B4A0459}
	EndGlobalSection
EndGlobal
